
Microsoft Visual Studio Solution File, Format Version 12.00
# Visual Studio Version 16
VisualStudioVersion = 16.0.30804.86
MinimumVisualStudioVersion = 10.0.40219.1
Project("{9A19103F-16F7-4668-BE54-9A1E7A4F7556}") = "Remail-backend.Web", "Remail-backend.Web\Remail-backend.Web.csproj", "{693A013D-8E27-4EC7-93BA-1ADD18BA7E96}"
EndProject
Project("{9A19103F-16F7-4668-BE54-9A1E7A4F7556}") = "Remail-backend.Tests", "Remail-backend.Tests\Remail-backend.Tests.csproj", "{342EEBA3-0333-474D-A475-AF6686AF1193}"
EndProject
Project("{9A19103F-16F7-4668-BE54-9A1E7A4F7556}") = "RemailCore.Library", "remailcore\RemailCore.Library\RemailCore.Library.csproj", "{F4E749DD-8895-4FC4-98BA-1B37A14DEA61}"
EndProject
Global
	GlobalSection(SolutionConfigurationPlatforms) = preSolution
		Debug|Any CPU = Debug|Any CPU
		Release|Any CPU = Release|Any CPU
	EndGlobalSection
	GlobalSection(ProjectConfigurationPlatforms) = postSolution
		{693A013D-8E27-4EC7-93BA-1ADD18BA7E96}.Debug|Any CPU.ActiveCfg = Debug|Any CPU
		{693A013D-8E27-4EC7-93BA-1ADD18BA7E96}.Debug|Any CPU.Build.0 = Debug|Any CPU
		{693A013D-8E27-4EC7-93BA-1ADD18BA7E96}.Release|Any CPU.ActiveCfg = Release|Any CPU
		{693A013D-8E27-4EC7-93BA-1ADD18BA7E96}.Release|Any CPU.Build.0 = Release|Any CPU
		{342EEBA3-0333-474D-A475-AF6686AF1193}.Debug|Any CPU.ActiveCfg = Debug|Any CPU
		{342EEBA3-0333-474D-A475-AF6686AF1193}.Debug|Any CPU.Build.0 = Debug|Any CPU
		{342EEBA3-0333-474D-A475-AF6686AF1193}.Release|Any CPU.ActiveCfg = Release|Any CPU
		{342EEBA3-0333-474D-A475-AF6686AF1193}.Release|Any CPU.Build.0 = Release|Any CPU
		{F4E749DD-8895-4FC4-98BA-1B37A14DEA61}.Debug|Any CPU.ActiveCfg = Debug|Any CPU
		{F4E749DD-8895-4FC4-98BA-1B37A14DEA61}.Debug|Any CPU.Build.0 = Debug|Any CPU
		{F4E749DD-8895-4FC4-98BA-1B37A14DEA61}.Release|Any CPU.ActiveCfg = Release|Any CPU
		{F4E749DD-8895-4FC4-98BA-1B37A14DEA61}.Release|Any CPU.Build.0 = Release|Any CPU
	EndGlobalSection
	GlobalSection(SolutionProperties) = preSolution
		HideSolutionNode = FALSE
	EndGlobalSection
	GlobalSection(ExtensibilityGlobals) = postSolution
		SolutionGuid = {5E9D343E-3D74-487C-8397-4E871B245D4A}
	EndGlobalSection
EndGlobal
