
Microsoft Visual Studio Solution File, Format Version 12.00
# Visual Studio Version 16
VisualStudioVersion = 16.0.30804.86
MinimumVisualStudioVersion = 10.0.40219.1
Project("{9A19103F-16F7-4668-BE54-9A1E7A4F7556}") = "Remail-backend.Web", "Remail-backend.Web.csproj", "{F54BADFE-BC5E-44D0-BC72-5D3D9DA7F849}"
EndProject
Project("{FAE04EC0-301F-11D3-BF4B-00C04F79EFBC}") = "Remail-backend.Tests", "..\Remail-backend.Tests\Remail-backend.Tests.csproj", "{3E11B3E5-913E-4467-81FB-53254ABC5880}"
EndProject
Project("{9A19103F-16F7-4668-BE54-9A1E7A4F7556}") = "RemailCore", "..\..\remailcore\RemailCore.csproj", "{6C6E91C3-E917-46A4-B54B-7C35F4E8613D}"
EndProject
Global
	GlobalSection(SolutionConfigurationPlatforms) = preSolution
		Debug|Any CPU = Debug|Any CPU
		Release|Any CPU = Release|Any CPU
	EndGlobalSection
	GlobalSection(ProjectConfigurationPlatforms) = postSolution
		{F54BADFE-BC5E-44D0-BC72-5D3D9DA7F849}.Debug|Any CPU.ActiveCfg = Debug|Any CPU
		{F54BADFE-BC5E-44D0-BC72-5D3D9DA7F849}.Debug|Any CPU.Build.0 = Debug|Any CPU
		{F54BADFE-BC5E-44D0-BC72-5D3D9DA7F849}.Release|Any CPU.ActiveCfg = Release|Any CPU
		{F54BADFE-BC5E-44D0-BC72-5D3D9DA7F849}.Release|Any CPU.Build.0 = Release|Any CPU
		{3E11B3E5-913E-4467-81FB-53254ABC5880}.Debug|Any CPU.ActiveCfg = Debug|Any CPU
		{3E11B3E5-913E-4467-81FB-53254ABC5880}.Debug|Any CPU.Build.0 = Debug|Any CPU
		{3E11B3E5-913E-4467-81FB-53254ABC5880}.Release|Any CPU.ActiveCfg = Release|Any CPU
		{3E11B3E5-913E-4467-81FB-53254ABC5880}.Release|Any CPU.Build.0 = Release|Any CPU
		{6C6E91C3-E917-46A4-B54B-7C35F4E8613D}.Debug|Any CPU.ActiveCfg = Debug|Any CPU
		{6C6E91C3-E917-46A4-B54B-7C35F4E8613D}.Debug|Any CPU.Build.0 = Debug|Any CPU
		{6C6E91C3-E917-46A4-B54B-7C35F4E8613D}.Release|Any CPU.ActiveCfg = Release|Any CPU
		{6C6E91C3-E917-46A4-B54B-7C35F4E8613D}.Release|Any CPU.Build.0 = Release|Any CPU
	EndGlobalSection
	GlobalSection(SolutionProperties) = preSolution
		HideSolutionNode = FALSE
	EndGlobalSection
	GlobalSection(ExtensibilityGlobals) = postSolution
		SolutionGuid = {5E9D343E-3D74-487C-8397-4E871B245D4A}
	EndGlobalSection
EndGlobal
